// !$*UTF8*$!
{
	archiveVersion = 1;
	classes = {
	};
	objectVersion = 56;
	objects = {

/* Begin PBXBuildFile section */
		5022A15D28D215E20048AA41 /* NavigationDemoiOS16App.swift in Sources */ = {isa = PBXBuildFile; fileRef = 5022A15C28D215E20048AA41 /* NavigationDemoiOS16App.swift */; };
		5022A16428D215E30048AA41 /* Preview Assets.xcassets in Resources */ = {isa = PBXBuildFile; fileRef = 5022A16328D215E30048AA41 /* Preview Assets.xcassets */; };
		5022A17828D21CE20048AA41 /* ContentView.swift in Sources */ = {isa = PBXBuildFile; fileRef = 5022A16E28D215F80048AA41 /* ContentView.swift */; };
		5022A17928D21CE50048AA41 /* FirstView.swift in Sources */ = {isa = PBXBuildFile; fileRef = 5022A16D28D215F80048AA41 /* FirstView.swift */; };
		5022A17A28D21CE80048AA41 /* SecondView.swift in Sources */ = {isa = PBXBuildFile; fileRef = 5022A16C28D215F80048AA41 /* SecondView.swift */; };
		5022A17C28D21CEF0048AA41 /* NavigationStorage.swift in Sources */ = {isa = PBXBuildFile; fileRef = 5022A17128D215F80048AA41 /* NavigationStorage.swift */; };
		5022A17D28D21CEF0048AA41 /* MainNavigationBar.swift in Sources */ = {isa = PBXBuildFile; fileRef = 5022A17328D215F80048AA41 /* MainNavigationBar.swift */; };
		5022A18328D33CEE0048AA41 /* Assets.xcassets in Resources */ = {isa = PBXBuildFile; fileRef = 5022A18228D33CEE0048AA41 /* Assets.xcassets */; };
		5075C78E28D88881000B473D /* NavigationPathItem.swift in Sources */ = {isa = PBXBuildFile; fileRef = 5075C78D28D88881000B473D /* NavigationPathItem.swift */; };
		5075C79028D888B4000B473D /* View+Navigation.swift in Sources */ = {isa = PBXBuildFile; fileRef = 5075C78F28D888B4000B473D /* View+Navigation.swift */; };
/* End PBXBuildFile section */

/* Begin PBXFileReference section */
		5022A15928D215E20048AA41 /* NavigationDemoiOS16.app */ = {isa = PBXFileReference; explicitFileType = wrapper.application; includeInIndex = 0; path = NavigationDemoiOS16.app; sourceTree = BUILT_PRODUCTS_DIR; };
		5022A15C28D215E20048AA41 /* NavigationDemoiOS16App.swift */ = {isa = PBXFileReference; lastKnownFileType = sourcecode.swift; path = NavigationDemoiOS16App.swift; sourceTree = "<group>"; };
		5022A16328D215E30048AA41 /* Preview Assets.xcassets */ = {isa = PBXFileReference; lastKnownFileType = folder.assetcatalog; path = "Preview Assets.xcassets"; sourceTree = "<group>"; };
		5022A16C28D215F80048AA41 /* SecondView.swift */ = {isa = PBXFileReference; lastKnownFileType = sourcecode.swift; path = SecondView.swift; sourceTree = "<group>"; };
		5022A16D28D215F80048AA41 /* FirstView.swift */ = {isa = PBXFileReference; lastKnownFileType = sourcecode.swift; path = FirstView.swift; sourceTree = "<group>"; };
		5022A16E28D215F80048AA41 /* ContentView.swift */ = {isa = PBXFileReference; lastKnownFileType = sourcecode.swift; path = ContentView.swift; sourceTree = "<group>"; };
		5022A17128D215F80048AA41 /* NavigationStorage.swift */ = {isa = PBXFileReference; lastKnownFileType = sourcecode.swift; path = NavigationStorage.swift; sourceTree = "<group>"; };
		5022A17328D215F80048AA41 /* MainNavigationBar.swift */ = {isa = PBXFileReference; lastKnownFileType = sourcecode.swift; path = MainNavigationBar.swift; sourceTree = "<group>"; };
		5022A18228D33CEE0048AA41 /* Assets.xcassets */ = {isa = PBXFileReference; lastKnownFileType = folder.assetcatalog; path = Assets.xcassets; sourceTree = "<group>"; };
		5075C78D28D88881000B473D /* NavigationPathItem.swift */ = {isa = PBXFileReference; lastKnownFileType = sourcecode.swift; path = NavigationPathItem.swift; sourceTree = "<group>"; };
		5075C78F28D888B4000B473D /* View+Navigation.swift */ = {isa = PBXFileReference; lastKnownFileType = sourcecode.swift; path = "View+Navigation.swift"; sourceTree = "<group>"; };
/* End PBXFileReference section */

/* Begin PBXFrameworksBuildPhase section */
		5022A15628D215E20048AA41 /* Frameworks */ = {
			isa = PBXFrameworksBuildPhase;
			buildActionMask = 2147483647;
			files = (
			);
			runOnlyForDeploymentPostprocessing = 0;
		};
/* End PBXFrameworksBuildPhase section */

/* Begin PBXGroup section */
		5022A15028D215E20048AA41 = {
			isa = PBXGroup;
			children = (
				5022A15B28D215E20048AA41 /* NavigationDemoiOS16 */,
				5022A15A28D215E20048AA41 /* Products */,
			);
			sourceTree = "<group>";
		};
		5022A15A28D215E20048AA41 /* Products */ = {
			isa = PBXGroup;
			children = (
				5022A15928D215E20048AA41 /* NavigationDemoiOS16.app */,
			);
			name = Products;
			sourceTree = "<group>";
		};
		5022A15B28D215E20048AA41 /* NavigationDemoiOS16 */ = {
			isa = PBXGroup;
			children = (
				5022A18228D33CEE0048AA41 /* Assets.xcassets */,
				5022A15C28D215E20048AA41 /* NavigationDemoiOS16App.swift */,
				5022A16F28D215F80048AA41 /* Navigation */,
				5022A16B28D215F80048AA41 /* Presentation */,
				5022A16228D215E30048AA41 /* Preview Content */,
			);
			path = NavigationDemoiOS16;
			sourceTree = "<group>";
		};
		5022A16228D215E30048AA41 /* Preview Content */ = {
			isa = PBXGroup;
			children = (
				5022A16328D215E30048AA41 /* Preview Assets.xcassets */,
			);
			path = "Preview Content";
			sourceTree = "<group>";
		};
		5022A16B28D215F80048AA41 /* Presentation */ = {
			isa = PBXGroup;
			children = (
				5022A16C28D215F80048AA41 /* SecondView.swift */,
				5022A16D28D215F80048AA41 /* FirstView.swift */,
				5022A16E28D215F80048AA41 /* ContentView.swift */,
			);
			path = Presentation;
			sourceTree = "<group>";
		};
		5022A16F28D215F80048AA41 /* Navigation */ = {
			isa = PBXGroup;
			children = (
				5022A17128D215F80048AA41 /* NavigationStorage.swift */,
				5022A17328D215F80048AA41 /* MainNavigationBar.swift */,
				5075C78D28D88881000B473D /* NavigationPathItem.swift */,
				5075C78F28D888B4000B473D /* View+Navigation.swift */,
			);
			path = Navigation;
			sourceTree = "<group>";
		};
/* End PBXGroup section */

/* Begin PBXNativeTarget section */
		5022A15828D215E20048AA41 /* NavigationDemoiOS16 */ = {
			isa = PBXNativeTarget;
			buildConfigurationList = 5022A16728D215E30048AA41 /* Build configuration list for PBXNativeTarget "NavigationDemoiOS16" */;
			buildPhases = (
				5022A15528D215E20048AA41 /* Sources */,
				5022A15628D215E20048AA41 /* Frameworks */,
				5022A15728D215E20048AA41 /* Resources */,
			);
			buildRules = (
			);
			dependencies = (
			);
			name = NavigationDemoiOS16;
			productName = NavigationDemoiOS16;
			productReference = 5022A15928D215E20048AA41 /* NavigationDemoiOS16.app */;
			productType = "com.apple.product-type.application";
		};
/* End PBXNativeTarget section */

/* Begin PBXProject section */
		5022A15128D215E20048AA41 /* Project object */ = {
			isa = PBXProject;
			attributes = {
				BuildIndependentTargetsInParallel = 1;
				LastSwiftUpdateCheck = 1400;
				LastUpgradeCheck = 1400;
				TargetAttributes = {
					5022A15828D215E20048AA41 = {
						CreatedOnToolsVersion = 14.0;
					};
				};
			};
			buildConfigurationList = 5022A15428D215E20048AA41 /* Build configuration list for PBXProject "NavigationDemoiOS16" */;
			compatibilityVersion = "Xcode 14.0";
			developmentRegion = en;
			hasScannedForEncodings = 0;
			knownRegions = (
				en,
				Base,
			);
			mainGroup = 5022A15028D215E20048AA41;
			productRefGroup = 5022A15A28D215E20048AA41 /* Products */;
			projectDirPath = "";
			projectRoot = "";
			targets = (
				5022A15828D215E20048AA41 /* NavigationDemoiOS16 */,
			);
		};
/* End PBXProject section */

/* Begin PBXResourcesBuildPhase section */
		5022A15728D215E20048AA41 /* Resources */ = {
			isa = PBXResourcesBuildPhase;
			buildActionMask = 2147483647;
			files = (
				5022A16428D215E30048AA41 /* Preview Assets.xcassets in Resources */,
				5022A18328D33CEE0048AA41 /* Assets.xcassets in Resources */,
			);
			runOnlyForDeploymentPostprocessing = 0;
		};
/* End PBXResourcesBuildPhase section */

/* Begin PBXSourcesBuildPhase section */
		5022A15528D215E20048AA41 /* Sources */ = {
			isa = PBXSourcesBuildPhase;
			buildActionMask = 2147483647;
			files = (
				5075C78E28D88881000B473D /* NavigationPathItem.swift in Sources */,
				5022A17D28D21CEF0048AA41 /* MainNavigationBar.swift in Sources */,
				5022A17828D21CE20048AA41 /* ContentView.swift in Sources */,
				5022A17C28D21CEF0048AA41 /* NavigationStorage.swift in Sources */,
				5022A17928D21CE50048AA41 /* FirstView.swift in Sources */,
				5022A17A28D21CE80048AA41 /* SecondView.swift in Sources */,
				5075C79028D888B4000B473D /* View+Navigation.swift in Sources */,
				5022A15D28D215E20048AA41 /* NavigationDemoiOS16App.swift in Sources */,
			);
			runOnlyForDeploymentPostprocessing = 0;
		};
/* End PBXSourcesBuildPhase section */

/* Begin XCBuildConfiguration section */
		5022A16528D215E30048AA41 /* Debug */ = {
			isa = XCBuildConfiguration;
			buildSettings = {
				ALWAYS_SEARCH_USER_PATHS = NO;
				CLANG_ANALYZER_NONNULL = YES;
				CLANG_ANALYZER_NUMBER_OBJECT_CONVERSION = YES_AGGRESSIVE;
				CLANG_CXX_LANGUAGE_STANDARD = "gnu++20";
				CLANG_ENABLE_MODULES = YES;
				CLANG_ENABLE_OBJC_ARC = YES;
				CLANG_ENABLE_OBJC_WEAK = YES;
				CLANG_WARN_BLOCK_CAPTURE_AUTORELEASING = YES;
				CLANG_WARN_BOOL_CONVERSION = YES;
				CLANG_WARN_COMMA = YES;
				CLANG_WARN_CONSTANT_CONVERSION = YES;
				CLANG_WARN_DEPRECATED_OBJC_IMPLEMENTATIONS = YES;
				CLANG_WARN_DIRECT_OBJC_ISA_USAGE = YES_ERROR;
				CLANG_WARN_DOCUMENTATION_COMMENTS = YES;
				CLANG_WARN_EMPTY_BODY = YES;
				CLANG_WARN_ENUM_CONVERSION = YES;
				CLANG_WARN_INFINITE_RECURSION = YES;
				CLANG_WARN_INT_CONVERSION = YES;
				CLANG_WARN_NON_LITERAL_NULL_CONVERSION = YES;
				CLANG_WARN_OBJC_IMPLICIT_RETAIN_SELF = YES;
				CLANG_WARN_OBJC_LITERAL_CONVERSION = YES;
				CLANG_WARN_OBJC_ROOT_CLASS = YES_ERROR;
				CLANG_WARN_QUOTED_INCLUDE_IN_FRAMEWORK_HEADER = YES;
				CLANG_WARN_RANGE_LOOP_ANALYSIS = YES;
				CLANG_WARN_STRICT_PROTOTYPES = YES;
				CLANG_WARN_SUSPICIOUS_MOVE = YES;
				CLANG_WARN_UNGUARDED_AVAILABILITY = YES_AGGRESSIVE;
				CLANG_WARN_UNREACHABLE_CODE = YES;
				CLANG_WARN__DUPLICATE_METHOD_MATCH = YES;
				COPY_PHASE_STRIP = NO;
				DEBUG_INFORMATION_FORMAT = dwarf;
				ENABLE_STRICT_OBJC_MSGSEND = YES;
				ENABLE_TESTABILITY = YES;
				GCC_C_LANGUAGE_STANDARD = gnu11;
				GCC_DYNAMIC_NO_PIC = NO;
				GCC_NO_COMMON_BLOCKS = YES;
				GCC_OPTIMIZATION_LEVEL = 0;
				GCC_PREPROCESSOR_DEFINITIONS = (
					"DEBUG=1",
					"$(inherited)",
				);
				GCC_WARN_64_TO_32_BIT_CONVERSION = YES;
				GCC_WARN_ABOUT_RETURN_TYPE = YES_ERROR;
				GCC_WARN_UNDECLARED_SELECTOR = YES;
				GCC_WARN_UNINITIALIZED_AUTOS = YES_AGGRESSIVE;
				GCC_WARN_UNUSED_FUNCTION = YES;
				GCC_WARN_UNUSED_VARIABLE = YES;
				IPHONEOS_DEPLOYMENT_TARGET = 16.0;
				MTL_ENABLE_DEBUG_INFO = INCLUDE_SOURCE;
				MTL_FAST_MATH = YES;
				ONLY_ACTIVE_ARCH = YES;
				SDKROOT = iphoneos;
				SWIFT_ACTIVE_COMPILATION_CONDITIONS = DEBUG;
				SWIFT_OPTIMIZATION_LEVEL = "-Onone";
			};
			name = Debug;
		};
		5022A16628D215E30048AA41 /* Release */ = {
			isa = XCBuildConfiguration;
			buildSettings = {
				ALWAYS_SEARCH_USER_PATHS = NO;
				CLANG_ANALYZER_NONNULL = YES;
				CLANG_ANALYZER_NUMBER_OBJECT_CONVERSION = YES_AGGRESSIVE;
				CLANG_CXX_LANGUAGE_STANDARD = "gnu++20";
				CLANG_ENABLE_MODULES = YES;
				CLANG_ENABLE_OBJC_ARC = YES;
				CLANG_ENABLE_OBJC_WEAK = YES;
				CLANG_WARN_BLOCK_CAPTURE_AUTORELEASING = YES;
				CLANG_WARN_BOOL_CONVERSION = YES;
				CLANG_WARN_COMMA = YES;
				CLANG_WARN_CONSTANT_CONVERSION = YES;
				CLANG_WARN_DEPRECATED_OBJC_IMPLEMENTATIONS = YES;
				CLANG_WARN_DIRECT_OBJC_ISA_USAGE = YES_ERROR;
				CLANG_WARN_DOCUMENTATION_COMMENTS = YES;
				CLANG_WARN_EMPTY_BODY = YES;
				CLANG_WARN_ENUM_CONVERSION = YES;
				CLANG_WARN_INFINITE_RECURSION = YES;
				CLANG_WARN_INT_CONVERSION = YES;
				CLANG_WARN_NON_LITERAL_NULL_CONVERSION = YES;
				CLANG_WARN_OBJC_IMPLICIT_RETAIN_SELF = YES;
				CLANG_WARN_OBJC_LITERAL_CONVERSION = YES;
				CLANG_WARN_OBJC_ROOT_CLASS = YES_ERROR;
				CLANG_WARN_QUOTED_INCLUDE_IN_FRAMEWORK_HEADER = YES;
				CLANG_WARN_RANGE_LOOP_ANALYSIS = YES;
				CLANG_WARN_STRICT_PROTOTYPES = YES;
				CLANG_WARN_SUSPICIOUS_MOVE = YES;
				CLANG_WARN_UNGUARDED_AVAILABILITY = YES_AGGRESSIVE;
				CLANG_WARN_UNREACHABLE_CODE = YES;
				CLANG_WARN__DUPLICATE_METHOD_MATCH = YES;
				COPY_PHASE_STRIP = NO;
				DEBUG_INFORMATION_FORMAT = "dwarf-with-dsym";
				ENABLE_NS_ASSERTIONS = NO;
				ENABLE_STRICT_OBJC_MSGSEND = YES;
				GCC_C_LANGUAGE_STANDARD = gnu11;
				GCC_NO_COMMON_BLOCKS = YES;
				GCC_WARN_64_TO_32_BIT_CONVERSION = YES;
				GCC_WARN_ABOUT_RETURN_TYPE = YES_ERROR;
				GCC_WARN_UNDECLARED_SELECTOR = YES;
				GCC_WARN_UNINITIALIZED_AUTOS = YES_AGGRESSIVE;
				GCC_WARN_UNUSED_FUNCTION = YES;
				GCC_WARN_UNUSED_VARIABLE = YES;
				IPHONEOS_DEPLOYMENT_TARGET = 16.0;
				MTL_ENABLE_DEBUG_INFO = NO;
				MTL_FAST_MATH = YES;
				SDKROOT = iphoneos;
				SWIFT_COMPILATION_MODE = wholemodule;
				SWIFT_OPTIMIZATION_LEVEL = "-O";
				VALIDATE_PRODUCT = YES;
			};
			name = Release;
		};
		5022A16828D215E30048AA41 /* Debug */ = {
			isa = XCBuildConfiguration;
			buildSettings = {
				ASSETCATALOG_COMPILER_APPICON_NAME = AppIcon;
				ASSETCATALOG_COMPILER_GLOBAL_ACCENT_COLOR_NAME = AccentColor;
				CODE_SIGN_STYLE = Automatic;
				CURRENT_PROJECT_VERSION = 1;
				DEVELOPMENT_ASSET_PATHS = "\"NavigationDemoiOS16/Preview Content\"";
				ENABLE_PREVIEWS = YES;
				GENERATE_INFOPLIST_FILE = YES;
				INFOPLIST_KEY_UIApplicationSceneManifest_Generation = YES;
				INFOPLIST_KEY_UIApplicationSupportsIndirectInputEvents = YES;
				INFOPLIST_KEY_UILaunchScreen_Generation = YES;
				INFOPLIST_KEY_UISupportedInterfaceOrientations_iPad = "UIInterfaceOrientationPortrait UIInterfaceOrientationPortraitUpsideDown UIInterfaceOrientationLandscapeLeft UIInterfaceOrientationLandscapeRight";
				INFOPLIST_KEY_UISupportedInterfaceOrientations_iPhone = "UIInterfaceOrientationPortrait UIInterfaceOrientationLandscapeLeft UIInterfaceOrientationLandscapeRight";
				LD_RUNPATH_SEARCH_PATHS = (
					"$(inherited)",
					"@executable_path/Frameworks",
				);
				MARKETING_VERSION = 1.0;
				PRODUCT_BUNDLE_IDENTIFIER = joliejuly.NavigationDemoiOS16;
				PRODUCT_NAME = "$(TARGET_NAME)";
				SWIFT_EMIT_LOC_STRINGS = YES;
				SWIFT_VERSION = 5.0;
				TARGETED_DEVICE_FAMILY = "1,2";
			};
			name = Debug;
		};
		5022A16928D215E30048AA41 /* Release */ = {
			isa = XCBuildConfiguration;
			buildSettings = {
				ASSETCATALOG_COMPILER_APPICON_NAME = AppIcon;
				ASSETCATALOG_COMPILER_GLOBAL_ACCENT_COLOR_NAME = AccentColor;
				CODE_SIGN_STYLE = Automatic;
				CURRENT_PROJECT_VERSION = 1;
				DEVELOPMENT_ASSET_PATHS = "\"NavigationDemoiOS16/Preview Content\"";
				ENABLE_PREVIEWS = YES;
				GENERATE_INFOPLIST_FILE = YES;
				INFOPLIST_KEY_UIApplicationSceneManifest_Generation = YES;
				INFOPLIST_KEY_UIApplicationSupportsIndirectInputEvents = YES;
				INFOPLIST_KEY_UILaunchScreen_Generation = YES;
				INFOPLIST_KEY_UISupportedInterfaceOrientations_iPad = "UIInterfaceOrientationPortrait UIInterfaceOrientationPortraitUpsideDown UIInterfaceOrientationLandscapeLeft UIInterfaceOrientationLandscapeRight";
				INFOPLIST_KEY_UISupportedInterfaceOrientations_iPhone = "UIInterfaceOrientationPortrait UIInterfaceOrientationLandscapeLeft UIInterfaceOrientationLandscapeRight";
				LD_RUNPATH_SEARCH_PATHS = (
					"$(inherited)",
					"@executable_path/Frameworks",
				);
				MARKETING_VERSION = 1.0;
				PRODUCT_BUNDLE_IDENTIFIER = joliejuly.NavigationDemoiOS16;
				PRODUCT_NAME = "$(TARGET_NAME)";
				SWIFT_EMIT_LOC_STRINGS = YES;
				SWIFT_VERSION = 5.0;
				TARGETED_DEVICE_FAMILY = "1,2";
			};
			name = Release;
		};
/* End XCBuildConfiguration section */

/* Begin XCConfigurationList section */
		5022A15428D215E20048AA41 /* Build configuration list for PBXProject "NavigationDemoiOS16" */ = {
			isa = XCConfigurationList;
			buildConfigurations = (
				5022A16528D215E30048AA41 /* Debug */,
				5022A16628D215E30048AA41 /* Release */,
			);
			defaultConfigurationIsVisible = 0;
			defaultConfigurationName = Release;
		};
		5022A16728D215E30048AA41 /* Build configuration list for PBXNativeTarget "NavigationDemoiOS16" */ = {
			isa = XCConfigurationList;
			buildConfigurations = (
				5022A16828D215E30048AA41 /* Debug */,
				5022A16928D215E30048AA41 /* Release */,
			);
			defaultConfigurationIsVisible = 0;
			defaultConfigurationName = Release;
		};
/* End XCConfigurationList section */
	};
	rootObject = 5022A15128D215E20048AA41 /* Project object */;
}
